# Generated by pub
# See http://pub.dartlang.org/doc/glossary.html#lockfile
packages:
  archive:
    description: archive
    source: hosted
    version: "1.0.16"
  browser:
    description: browser
    source: hosted
    version: "0.10.0+2"
  collection:
    description: collection
    source: hosted
    version: "0.9.1"
  crypto:
    description: crypto
    source: hosted
    version: "0.9.0"
  http_server:
    description: http_server
    source: hosted
    version: "0.9.1"
  logging:
    description: logging
    source: hosted
    version: "0.9.1+1"
  mime:
    description: mime
    source: hosted
    version: "0.9.0"
  path:
    description: path
    source: hosted
    version: "1.0.0"
  pub_proxy_server:
    description: pub_proxy_server
    source: hosted
    version: "0.1.2"
  route:
    description: route
    source: hosted
    version: "0.4.6"
  route_hierarchical:
    description: route_hierarchical
    source: hosted
    version: "0.4.14"
  yaml:
    description: yaml
    source: hosted
    version: "0.9.0"
